{
  "requires": true,
  "lockfileVersion": 1,
  "dependencies": {
    "@uirouter/core": {
      "version": "5.0.19",
      "resolved": "https://registry.npmjs.org/@uirouter/core/-/core-5.0.19.tgz",
      "integrity": "sha512-wow+CKRThUAQkiTLNQCBsKQIU3NbH8GGH/w/TrcjKdvkZQA2jQB9QSqmmZxj7XNoZXY7QVcSSc4DWmxuSeAWmQ=="
    },
    "angular-animate": {
      "version": "1.7.2",
      "resolved": "https://registry.npmjs.org/angular-animate/-/angular-animate-1.7.2.tgz",
      "integrity": "sha512-/MQL2FEFXhdzFUKJ9AJq6gAYz3YGsh2xHTztuQKY5FkqjEBpF5YGypgprTz153P7t51T8nFqLsG8jwkpRdM6gg=="
    },
    "angular-ui-router": {
      "version": "1.0.18",
      "resolved": "https://registry.npmjs.org/angular-ui-router/-/angular-ui-router-1.0.18.tgz",
      "integrity": "sha512-YdjR6WsLGs4CvoZl+HgpaXDmlIvviZJa/Xmkonrj9X3BgHdBChwo8EEHo/MKrjFAcp2CW+7lUy8fno42YPyvKQ==",
      "requires": {
        "@uirouter/core": "5.0.19"
      }
    }
  }
}
